
Microsoft Visual Studio Solution File, Format Version 12.00
# Visual Studio 14
VisualStudioVersion = 14.0.25123.0
MinimumVisualStudioVersion = 10.0.40219.1
Project("{FAE04EC0-301F-11D3-BF4B-00C04F79EFBC}") = "MvvmCross.Plugins.Droid", "Droid\MvvmCross.Plugins.Droid.csproj", "{229FDACD-229F-4BD7-A761-14911BCB9A73}"
EndProject
Project("{FAE04EC0-301F-11D3-BF4B-00C04F79EFBC}") = "MvvmCross.Plugins.iOS", "iOS\MvvmCross.Plugins.iOS.csproj", "{BDDD7858-8BC1-4E33-8217-9662B637F776}"
EndProject
Project("{FAE04EC0-301F-11D3-BF4B-00C04F79EFBC}") = "MvvmCross.Plugins", "MvvmCross.Plugins\MvvmCross.Plugins.csproj", "{8A88927E-0C33-4CF5-8CDE-BC16387B7701}"
EndProject
Project("{FAE04EC0-301F-11D3-BF4B-00C04F79EFBC}") = "MvvmCross.Plugins.UITests", "UITests\MvvmCross.Plugins.UITests.csproj", "{A55927F0-745F-4F4A-B867-AD92021690FE}"
EndProject
Project("{FAE04EC0-301F-11D3-BF4B-00C04F79EFBC}") = "MvvmCross.Plugins.Mac", "MvvmCross.Plugins.Mac\MvvmCross.Plugins.Mac.csproj", "{C21536E1-34D4-49BC-A8D1-D2CE3AF96FD5}"
EndProject
Project("{2150E333-8FDC-42A3-9474-1A3956D46DE8}") = "Plugins", "Plugins", "{F5D071A5-9645-4E27-856F-7A7B9F57753A}"
EndProject
Project("{2150E333-8FDC-42A3-9474-1A3956D46DE8}") = "DiskInfo", "DiskInfo", "{71121A18-BB1D-479E-B172-B51556239A66}"
EndProject
Project("{FAE04EC0-301F-11D3-BF4B-00C04F79EFBC}") = "g0rdan.MvvmCross.Plugin.DiskInfo", "..\..\source\Core\g0rdan.MvvmCross.Plugin.DiskInfo\g0rdan.MvvmCross.Plugin.DiskInfo.csproj", "{FB9DB656-937B-4E40-9BF5-CFB0EFF06FB2}"
EndProject
Project("{FAE04EC0-301F-11D3-BF4B-00C04F79EFBC}") = "g0rdan.MvvmCross.Plugin.DiskInfo.Droid", "..\..\source\Droid\g0rdan.MvvmCross.Plugin.DiskInfo.Droid\g0rdan.MvvmCross.Plugin.DiskInfo.Droid.csproj", "{FF40A193-5EF8-409C-BC6A-4E8382173BA7}"
EndProject
Project("{FAE04EC0-301F-11D3-BF4B-00C04F79EFBC}") = "g0rdan.MvvmCross.Plugin.DiskInfo.iOS", "..\..\source\iOS\g0rdan.MvvmCross.Plugin.DiskInfo.iOS\g0rdan.MvvmCross.Plugin.DiskInfo.iOS.csproj", "{BAF5D912-7ADA-4BB5-B558-7A551A5CFD9B}"
EndProject
Project("{2150E333-8FDC-42A3-9474-1A3956D46DE8}") = "SimpleEmail", "SimpleEmail", "{EE31CDBA-1385-4D05-8FC7-F87CF5804D5E}"
EndProject
Project("{FAE04EC0-301F-11D3-BF4B-00C04F79EFBC}") = "g0rdan.MvvmCross.Plugin.SimpleEmail", "..\..\source\Core\g0rdan.MvvmCross.Plugin.SimpleEmail\g0rdan.MvvmCross.Plugin.SimpleEmail.csproj", "{B7E76CFF-CDA7-49CA-9A1C-23720F684766}"
EndProject
Project("{FAE04EC0-301F-11D3-BF4B-00C04F79EFBC}") = "g0rdan.MvvmCross.Plugin.SimpleEmail.Droid", "..\..\source\Droid\g0rdan.MvvmCross.Plugin.SimpleEmail.Droid\g0rdan.MvvmCross.Plugin.SimpleEmail.Droid.csproj", "{F161E5E8-ABC4-421A-ACF0-2A5E139F27FC}"
EndProject
Project("{FAE04EC0-301F-11D3-BF4B-00C04F79EFBC}") = "g0rdan.MvvmCross.Plugin.SimpleEmail.iOS", "..\..\source\iOS\g0rdan.MvvmCross.Plugin.SimpleEmail.iOS\g0rdan.MvvmCross.Plugin.SimpleEmail.iOS.csproj", "{EDA05063-8939-4919-8AD8-4A489A26806F}"
EndProject
Project("{FAE04EC0-301F-11D3-BF4B-00C04F79EFBC}") = "MvvmCross.Plugins.Windows", "MvvmCross.Plugins.Windows\MvvmCross.Plugins.Windows.csproj", "{48CBB83F-2CF2-42A8-904C-063D94ED5540}"
EndProject
Project("{FAE04EC0-301F-11D3-BF4B-00C04F79EFBC}") = "g0rdan.MvvmCross.Plugin.DiskInfo.WindowsCommon", "..\..\source\Windows\DiskInfo\g0rdan.MvvmCross.Plugin.DiskInfo.WindowsCommon\g0rdan.MvvmCross.Plugin.DiskInfo.WindowsCommon.csproj", "{3F2ECA79-1E5D-4DBB-99EB-B1A82BDE69F5}"
EndProject
Global
	GlobalSection(SolutionConfigurationPlatforms) = preSolution
		Debug|Any CPU = Debug|Any CPU
		Debug|ARM = Debug|ARM
		Debug|iPhone = Debug|iPhone
		Debug|iPhoneSimulator = Debug|iPhoneSimulator
		Debug|x64 = Debug|x64
		Debug|x86 = Debug|x86
		Release|Any CPU = Release|Any CPU
		Release|ARM = Release|ARM
		Release|iPhone = Release|iPhone
		Release|iPhoneSimulator = Release|iPhoneSimulator
		Release|x64 = Release|x64
		Release|x86 = Release|x86
	EndGlobalSection
	GlobalSection(ProjectConfigurationPlatforms) = postSolution
		{229FDACD-229F-4BD7-A761-14911BCB9A73}.Debug|Any CPU.ActiveCfg = Debug|Any CPU
		{229FDACD-229F-4BD7-A761-14911BCB9A73}.Debug|Any CPU.Build.0 = Debug|Any CPU
		{229FDACD-229F-4BD7-A761-14911BCB9A73}.Debug|ARM.ActiveCfg = Debug|Any CPU
		{229FDACD-229F-4BD7-A761-14911BCB9A73}.Debug|ARM.Build.0 = Debug|Any CPU
		{229FDACD-229F-4BD7-A761-14911BCB9A73}.Debug|ARM.Deploy.0 = Debug|Any CPU
		{229FDACD-229F-4BD7-A761-14911BCB9A73}.Debug|iPhone.ActiveCfg = Debug|Any CPU
		{229FDACD-229F-4BD7-A761-14911BCB9A73}.Debug|iPhone.Build.0 = Debug|Any CPU
		{229FDACD-229F-4BD7-A761-14911BCB9A73}.Debug|iPhoneSimulator.ActiveCfg = Debug|Any CPU
		{229FDACD-229F-4BD7-A761-14911BCB9A73}.Debug|iPhoneSimulator.Build.0 = Debug|Any CPU
		{229FDACD-229F-4BD7-A761-14911BCB9A73}.Debug|x64.ActiveCfg = Debug|Any CPU
		{229FDACD-229F-4BD7-A761-14911BCB9A73}.Debug|x64.Build.0 = Debug|Any CPU
		{229FDACD-229F-4BD7-A761-14911BCB9A73}.Debug|x64.Deploy.0 = Debug|Any CPU
		{229FDACD-229F-4BD7-A761-14911BCB9A73}.Debug|x86.ActiveCfg = Debug|Any CPU
		{229FDACD-229F-4BD7-A761-14911BCB9A73}.Debug|x86.Build.0 = Debug|Any CPU
		{229FDACD-229F-4BD7-A761-14911BCB9A73}.Debug|x86.Deploy.0 = Debug|Any CPU
		{229FDACD-229F-4BD7-A761-14911BCB9A73}.Release|Any CPU.ActiveCfg = Release|Any CPU
		{229FDACD-229F-4BD7-A761-14911BCB9A73}.Release|Any CPU.Build.0 = Release|Any CPU
		{229FDACD-229F-4BD7-A761-14911BCB9A73}.Release|ARM.ActiveCfg = Release|Any CPU
		{229FDACD-229F-4BD7-A761-14911BCB9A73}.Release|ARM.Build.0 = Release|Any CPU
		{229FDACD-229F-4BD7-A761-14911BCB9A73}.Release|ARM.Deploy.0 = Release|Any CPU
		{229FDACD-229F-4BD7-A761-14911BCB9A73}.Release|iPhone.ActiveCfg = Release|Any CPU
		{229FDACD-229F-4BD7-A761-14911BCB9A73}.Release|iPhone.Build.0 = Release|Any CPU
		{229FDACD-229F-4BD7-A761-14911BCB9A73}.Release|iPhoneSimulator.ActiveCfg = Release|Any CPU
		{229FDACD-229F-4BD7-A761-14911BCB9A73}.Release|iPhoneSimulator.Build.0 = Release|Any CPU
		{229FDACD-229F-4BD7-A761-14911BCB9A73}.Release|x64.ActiveCfg = Release|Any CPU
		{229FDACD-229F-4BD7-A761-14911BCB9A73}.Release|x64.Build.0 = Release|Any CPU
		{229FDACD-229F-4BD7-A761-14911BCB9A73}.Release|x64.Deploy.0 = Release|Any CPU
		{229FDACD-229F-4BD7-A761-14911BCB9A73}.Release|x86.ActiveCfg = Release|Any CPU
		{229FDACD-229F-4BD7-A761-14911BCB9A73}.Release|x86.Build.0 = Release|Any CPU
		{229FDACD-229F-4BD7-A761-14911BCB9A73}.Release|x86.Deploy.0 = Release|Any CPU
		{BDDD7858-8BC1-4E33-8217-9662B637F776}.Debug|Any CPU.ActiveCfg = Debug|iPhoneSimulator
		{BDDD7858-8BC1-4E33-8217-9662B637F776}.Debug|Any CPU.Build.0 = Debug|iPhoneSimulator
		{BDDD7858-8BC1-4E33-8217-9662B637F776}.Debug|ARM.ActiveCfg = Debug|iPhone
		{BDDD7858-8BC1-4E33-8217-9662B637F776}.Debug|iPhone.ActiveCfg = Debug|iPhone
		{BDDD7858-8BC1-4E33-8217-9662B637F776}.Debug|iPhone.Build.0 = Debug|iPhone
		{BDDD7858-8BC1-4E33-8217-9662B637F776}.Debug|iPhoneSimulator.ActiveCfg = Debug|iPhoneSimulator
		{BDDD7858-8BC1-4E33-8217-9662B637F776}.Debug|iPhoneSimulator.Build.0 = Debug|iPhoneSimulator
		{BDDD7858-8BC1-4E33-8217-9662B637F776}.Debug|x64.ActiveCfg = Debug|iPhone
		{BDDD7858-8BC1-4E33-8217-9662B637F776}.Debug|x86.ActiveCfg = Debug|iPhone
		{BDDD7858-8BC1-4E33-8217-9662B637F776}.Release|Any CPU.ActiveCfg = Release|iPhone
		{BDDD7858-8BC1-4E33-8217-9662B637F776}.Release|Any CPU.Build.0 = Release|iPhone
		{BDDD7858-8BC1-4E33-8217-9662B637F776}.Release|ARM.ActiveCfg = Release|iPhoneSimulator
		{BDDD7858-8BC1-4E33-8217-9662B637F776}.Release|iPhone.ActiveCfg = Release|iPhone
		{BDDD7858-8BC1-4E33-8217-9662B637F776}.Release|iPhone.Build.0 = Release|iPhone
		{BDDD7858-8BC1-4E33-8217-9662B637F776}.Release|iPhoneSimulator.ActiveCfg = Release|iPhoneSimulator
		{BDDD7858-8BC1-4E33-8217-9662B637F776}.Release|iPhoneSimulator.Build.0 = Release|iPhoneSimulator
		{BDDD7858-8BC1-4E33-8217-9662B637F776}.Release|x64.ActiveCfg = Release|iPhoneSimulator
		{BDDD7858-8BC1-4E33-8217-9662B637F776}.Release|x86.ActiveCfg = Release|iPhoneSimulator
		{8A88927E-0C33-4CF5-8CDE-BC16387B7701}.Debug|Any CPU.ActiveCfg = Debug|Any CPU
		{8A88927E-0C33-4CF5-8CDE-BC16387B7701}.Debug|Any CPU.Build.0 = Debug|Any CPU
		{8A88927E-0C33-4CF5-8CDE-BC16387B7701}.Debug|ARM.ActiveCfg = Debug|Any CPU
		{8A88927E-0C33-4CF5-8CDE-BC16387B7701}.Debug|ARM.Build.0 = Debug|Any CPU
		{8A88927E-0C33-4CF5-8CDE-BC16387B7701}.Debug|iPhone.ActiveCfg = Debug|Any CPU
		{8A88927E-0C33-4CF5-8CDE-BC16387B7701}.Debug|iPhone.Build.0 = Debug|Any CPU
		{8A88927E-0C33-4CF5-8CDE-BC16387B7701}.Debug|iPhoneSimulator.ActiveCfg = Debug|Any CPU
		{8A88927E-0C33-4CF5-8CDE-BC16387B7701}.Debug|iPhoneSimulator.Build.0 = Debug|Any CPU
		{8A88927E-0C33-4CF5-8CDE-BC16387B7701}.Debug|x64.ActiveCfg = Debug|Any CPU
		{8A88927E-0C33-4CF5-8CDE-BC16387B7701}.Debug|x64.Build.0 = Debug|Any CPU
		{8A88927E-0C33-4CF5-8CDE-BC16387B7701}.Debug|x86.ActiveCfg = Debug|Any CPU
		{8A88927E-0C33-4CF5-8CDE-BC16387B7701}.Debug|x86.Build.0 = Debug|Any CPU
		{8A88927E-0C33-4CF5-8CDE-BC16387B7701}.Release|Any CPU.ActiveCfg = Release|Any CPU
		{8A88927E-0C33-4CF5-8CDE-BC16387B7701}.Release|Any CPU.Build.0 = Release|Any CPU
		{8A88927E-0C33-4CF5-8CDE-BC16387B7701}.Release|ARM.ActiveCfg = Release|Any CPU
		{8A88927E-0C33-4CF5-8CDE-BC16387B7701}.Release|ARM.Build.0 = Release|Any CPU
		{8A88927E-0C33-4CF5-8CDE-BC16387B7701}.Release|iPhone.ActiveCfg = Release|Any CPU
		{8A88927E-0C33-4CF5-8CDE-BC16387B7701}.Release|iPhone.Build.0 = Release|Any CPU
		{8A88927E-0C33-4CF5-8CDE-BC16387B7701}.Release|iPhoneSimulator.ActiveCfg = Release|Any CPU
		{8A88927E-0C33-4CF5-8CDE-BC16387B7701}.Release|iPhoneSimulator.Build.0 = Release|Any CPU
		{8A88927E-0C33-4CF5-8CDE-BC16387B7701}.Release|x64.ActiveCfg = Release|Any CPU
		{8A88927E-0C33-4CF5-8CDE-BC16387B7701}.Release|x64.Build.0 = Release|Any CPU
		{8A88927E-0C33-4CF5-8CDE-BC16387B7701}.Release|x86.ActiveCfg = Release|Any CPU
		{8A88927E-0C33-4CF5-8CDE-BC16387B7701}.Release|x86.Build.0 = Release|Any CPU
		{A55927F0-745F-4F4A-B867-AD92021690FE}.Debug|Any CPU.ActiveCfg = Debug|Any CPU
		{A55927F0-745F-4F4A-B867-AD92021690FE}.Debug|Any CPU.Build.0 = Debug|Any CPU
		{A55927F0-745F-4F4A-B867-AD92021690FE}.Debug|ARM.ActiveCfg = Debug|Any CPU
		{A55927F0-745F-4F4A-B867-AD92021690FE}.Debug|ARM.Build.0 = Debug|Any CPU
		{A55927F0-745F-4F4A-B867-AD92021690FE}.Debug|iPhone.ActiveCfg = Debug|Any CPU
		{A55927F0-745F-4F4A-B867-AD92021690FE}.Debug|iPhone.Build.0 = Debug|Any CPU
		{A55927F0-745F-4F4A-B867-AD92021690FE}.Debug|iPhoneSimulator.ActiveCfg = Debug|Any CPU
		{A55927F0-745F-4F4A-B867-AD92021690FE}.Debug|iPhoneSimulator.Build.0 = Debug|Any CPU
		{A55927F0-745F-4F4A-B867-AD92021690FE}.Debug|x64.ActiveCfg = Debug|Any CPU
		{A55927F0-745F-4F4A-B867-AD92021690FE}.Debug|x64.Build.0 = Debug|Any CPU
		{A55927F0-745F-4F4A-B867-AD92021690FE}.Debug|x86.ActiveCfg = Debug|Any CPU
		{A55927F0-745F-4F4A-B867-AD92021690FE}.Debug|x86.Build.0 = Debug|Any CPU
		{A55927F0-745F-4F4A-B867-AD92021690FE}.Release|Any CPU.ActiveCfg = Release|Any CPU
		{A55927F0-745F-4F4A-B867-AD92021690FE}.Release|Any CPU.Build.0 = Release|Any CPU
		{A55927F0-745F-4F4A-B867-AD92021690FE}.Release|ARM.ActiveCfg = Release|Any CPU
		{A55927F0-745F-4F4A-B867-AD92021690FE}.Release|ARM.Build.0 = Release|Any CPU
		{A55927F0-745F-4F4A-B867-AD92021690FE}.Release|iPhone.ActiveCfg = Release|Any CPU
		{A55927F0-745F-4F4A-B867-AD92021690FE}.Release|iPhone.Build.0 = Release|Any CPU
		{A55927F0-745F-4F4A-B867-AD92021690FE}.Release|iPhoneSimulator.ActiveCfg = Release|Any CPU
		{A55927F0-745F-4F4A-B867-AD92021690FE}.Release|iPhoneSimulator.Build.0 = Release|Any CPU
		{A55927F0-745F-4F4A-B867-AD92021690FE}.Release|x64.ActiveCfg = Release|Any CPU
		{A55927F0-745F-4F4A-B867-AD92021690FE}.Release|x64.Build.0 = Release|Any CPU
		{A55927F0-745F-4F4A-B867-AD92021690FE}.Release|x86.ActiveCfg = Release|Any CPU
		{A55927F0-745F-4F4A-B867-AD92021690FE}.Release|x86.Build.0 = Release|Any CPU
		{C21536E1-34D4-49BC-A8D1-D2CE3AF96FD5}.Debug|Any CPU.ActiveCfg = Debug|Any CPU
		{C21536E1-34D4-49BC-A8D1-D2CE3AF96FD5}.Debug|Any CPU.Build.0 = Debug|Any CPU
		{C21536E1-34D4-49BC-A8D1-D2CE3AF96FD5}.Debug|ARM.ActiveCfg = Debug|Any CPU
		{C21536E1-34D4-49BC-A8D1-D2CE3AF96FD5}.Debug|iPhone.ActiveCfg = Debug|Any CPU
		{C21536E1-34D4-49BC-A8D1-D2CE3AF96FD5}.Debug|iPhone.Build.0 = Debug|Any CPU
		{C21536E1-34D4-49BC-A8D1-D2CE3AF96FD5}.Debug|iPhoneSimulator.ActiveCfg = Debug|Any CPU
		{C21536E1-34D4-49BC-A8D1-D2CE3AF96FD5}.Debug|iPhoneSimulator.Build.0 = Debug|Any CPU
		{C21536E1-34D4-49BC-A8D1-D2CE3AF96FD5}.Debug|x64.ActiveCfg = Debug|Any CPU
		{C21536E1-34D4-49BC-A8D1-D2CE3AF96FD5}.Debug|x86.ActiveCfg = Debug|Any CPU
		{C21536E1-34D4-49BC-A8D1-D2CE3AF96FD5}.Release|Any CPU.ActiveCfg = Release|Any CPU
		{C21536E1-34D4-49BC-A8D1-D2CE3AF96FD5}.Release|Any CPU.Build.0 = Release|Any CPU
		{C21536E1-34D4-49BC-A8D1-D2CE3AF96FD5}.Release|ARM.ActiveCfg = Release|Any CPU
		{C21536E1-34D4-49BC-A8D1-D2CE3AF96FD5}.Release|iPhone.ActiveCfg = Release|Any CPU
		{C21536E1-34D4-49BC-A8D1-D2CE3AF96FD5}.Release|iPhone.Build.0 = Release|Any CPU
		{C21536E1-34D4-49BC-A8D1-D2CE3AF96FD5}.Release|iPhoneSimulator.ActiveCfg = Release|Any CPU
		{C21536E1-34D4-49BC-A8D1-D2CE3AF96FD5}.Release|iPhoneSimulator.Build.0 = Release|Any CPU
		{C21536E1-34D4-49BC-A8D1-D2CE3AF96FD5}.Release|x64.ActiveCfg = Release|Any CPU
		{C21536E1-34D4-49BC-A8D1-D2CE3AF96FD5}.Release|x86.ActiveCfg = Release|Any CPU
		{FB9DB656-937B-4E40-9BF5-CFB0EFF06FB2}.Debug|Any CPU.ActiveCfg = Debug|Any CPU
		{FB9DB656-937B-4E40-9BF5-CFB0EFF06FB2}.Debug|Any CPU.Build.0 = Debug|Any CPU
		{FB9DB656-937B-4E40-9BF5-CFB0EFF06FB2}.Debug|ARM.ActiveCfg = Debug|Any CPU
		{FB9DB656-937B-4E40-9BF5-CFB0EFF06FB2}.Debug|ARM.Build.0 = Debug|Any CPU
		{FB9DB656-937B-4E40-9BF5-CFB0EFF06FB2}.Debug|iPhone.ActiveCfg = Debug|Any CPU
		{FB9DB656-937B-4E40-9BF5-CFB0EFF06FB2}.Debug|iPhone.Build.0 = Debug|Any CPU
		{FB9DB656-937B-4E40-9BF5-CFB0EFF06FB2}.Debug|iPhoneSimulator.ActiveCfg = Debug|Any CPU
		{FB9DB656-937B-4E40-9BF5-CFB0EFF06FB2}.Debug|iPhoneSimulator.Build.0 = Debug|Any CPU
		{FB9DB656-937B-4E40-9BF5-CFB0EFF06FB2}.Debug|x64.ActiveCfg = Debug|Any CPU
		{FB9DB656-937B-4E40-9BF5-CFB0EFF06FB2}.Debug|x64.Build.0 = Debug|Any CPU
		{FB9DB656-937B-4E40-9BF5-CFB0EFF06FB2}.Debug|x86.ActiveCfg = Debug|Any CPU
		{FB9DB656-937B-4E40-9BF5-CFB0EFF06FB2}.Debug|x86.Build.0 = Debug|Any CPU
		{FB9DB656-937B-4E40-9BF5-CFB0EFF06FB2}.Release|Any CPU.ActiveCfg = Release|Any CPU
		{FB9DB656-937B-4E40-9BF5-CFB0EFF06FB2}.Release|Any CPU.Build.0 = Release|Any CPU
		{FB9DB656-937B-4E40-9BF5-CFB0EFF06FB2}.Release|ARM.ActiveCfg = Release|Any CPU
		{FB9DB656-937B-4E40-9BF5-CFB0EFF06FB2}.Release|ARM.Build.0 = Release|Any CPU
		{FB9DB656-937B-4E40-9BF5-CFB0EFF06FB2}.Release|iPhone.ActiveCfg = Release|Any CPU
		{FB9DB656-937B-4E40-9BF5-CFB0EFF06FB2}.Release|iPhone.Build.0 = Release|Any CPU
		{FB9DB656-937B-4E40-9BF5-CFB0EFF06FB2}.Release|iPhoneSimulator.ActiveCfg = Release|Any CPU
		{FB9DB656-937B-4E40-9BF5-CFB0EFF06FB2}.Release|iPhoneSimulator.Build.0 = Release|Any CPU
		{FB9DB656-937B-4E40-9BF5-CFB0EFF06FB2}.Release|x64.ActiveCfg = Release|Any CPU
		{FB9DB656-937B-4E40-9BF5-CFB0EFF06FB2}.Release|x64.Build.0 = Release|Any CPU
		{FB9DB656-937B-4E40-9BF5-CFB0EFF06FB2}.Release|x86.ActiveCfg = Release|Any CPU
		{FB9DB656-937B-4E40-9BF5-CFB0EFF06FB2}.Release|x86.Build.0 = Release|Any CPU
		{FF40A193-5EF8-409C-BC6A-4E8382173BA7}.Debug|Any CPU.ActiveCfg = Debug|Any CPU
		{FF40A193-5EF8-409C-BC6A-4E8382173BA7}.Debug|Any CPU.Build.0 = Debug|Any CPU
		{FF40A193-5EF8-409C-BC6A-4E8382173BA7}.Debug|ARM.ActiveCfg = Debug|Any CPU
		{FF40A193-5EF8-409C-BC6A-4E8382173BA7}.Debug|ARM.Build.0 = Debug|Any CPU
		{FF40A193-5EF8-409C-BC6A-4E8382173BA7}.Debug|iPhone.ActiveCfg = Debug|Any CPU
		{FF40A193-5EF8-409C-BC6A-4E8382173BA7}.Debug|iPhone.Build.0 = Debug|Any CPU
		{FF40A193-5EF8-409C-BC6A-4E8382173BA7}.Debug|iPhoneSimulator.ActiveCfg = Debug|Any CPU
		{FF40A193-5EF8-409C-BC6A-4E8382173BA7}.Debug|iPhoneSimulator.Build.0 = Debug|Any CPU
		{FF40A193-5EF8-409C-BC6A-4E8382173BA7}.Debug|x64.ActiveCfg = Debug|Any CPU
		{FF40A193-5EF8-409C-BC6A-4E8382173BA7}.Debug|x64.Build.0 = Debug|Any CPU
		{FF40A193-5EF8-409C-BC6A-4E8382173BA7}.Debug|x86.ActiveCfg = Debug|Any CPU
		{FF40A193-5EF8-409C-BC6A-4E8382173BA7}.Debug|x86.Build.0 = Debug|Any CPU
		{FF40A193-5EF8-409C-BC6A-4E8382173BA7}.Release|Any CPU.ActiveCfg = Release|Any CPU
		{FF40A193-5EF8-409C-BC6A-4E8382173BA7}.Release|Any CPU.Build.0 = Release|Any CPU
		{FF40A193-5EF8-409C-BC6A-4E8382173BA7}.Release|ARM.ActiveCfg = Release|Any CPU
		{FF40A193-5EF8-409C-BC6A-4E8382173BA7}.Release|ARM.Build.0 = Release|Any CPU
		{FF40A193-5EF8-409C-BC6A-4E8382173BA7}.Release|iPhone.ActiveCfg = Release|Any CPU
		{FF40A193-5EF8-409C-BC6A-4E8382173BA7}.Release|iPhone.Build.0 = Release|Any CPU
		{FF40A193-5EF8-409C-BC6A-4E8382173BA7}.Release|iPhoneSimulator.ActiveCfg = Release|Any CPU
		{FF40A193-5EF8-409C-BC6A-4E8382173BA7}.Release|iPhoneSimulator.Build.0 = Release|Any CPU
		{FF40A193-5EF8-409C-BC6A-4E8382173BA7}.Release|x64.ActiveCfg = Release|Any CPU
		{FF40A193-5EF8-409C-BC6A-4E8382173BA7}.Release|x64.Build.0 = Release|Any CPU
		{FF40A193-5EF8-409C-BC6A-4E8382173BA7}.Release|x86.ActiveCfg = Release|Any CPU
		{FF40A193-5EF8-409C-BC6A-4E8382173BA7}.Release|x86.Build.0 = Release|Any CPU
		{BAF5D912-7ADA-4BB5-B558-7A551A5CFD9B}.Debug|Any CPU.ActiveCfg = Debug|Any CPU
		{BAF5D912-7ADA-4BB5-B558-7A551A5CFD9B}.Debug|Any CPU.Build.0 = Debug|Any CPU
		{BAF5D912-7ADA-4BB5-B558-7A551A5CFD9B}.Debug|ARM.ActiveCfg = Debug|Any CPU
		{BAF5D912-7ADA-4BB5-B558-7A551A5CFD9B}.Debug|ARM.Build.0 = Debug|Any CPU
		{BAF5D912-7ADA-4BB5-B558-7A551A5CFD9B}.Debug|iPhone.ActiveCfg = Debug|Any CPU
		{BAF5D912-7ADA-4BB5-B558-7A551A5CFD9B}.Debug|iPhone.Build.0 = Debug|Any CPU
		{BAF5D912-7ADA-4BB5-B558-7A551A5CFD9B}.Debug|iPhoneSimulator.ActiveCfg = Debug|Any CPU
		{BAF5D912-7ADA-4BB5-B558-7A551A5CFD9B}.Debug|iPhoneSimulator.Build.0 = Debug|Any CPU
		{BAF5D912-7ADA-4BB5-B558-7A551A5CFD9B}.Debug|x64.ActiveCfg = Debug|Any CPU
		{BAF5D912-7ADA-4BB5-B558-7A551A5CFD9B}.Debug|x64.Build.0 = Debug|Any CPU
		{BAF5D912-7ADA-4BB5-B558-7A551A5CFD9B}.Debug|x86.ActiveCfg = Debug|Any CPU
		{BAF5D912-7ADA-4BB5-B558-7A551A5CFD9B}.Debug|x86.Build.0 = Debug|Any CPU
		{BAF5D912-7ADA-4BB5-B558-7A551A5CFD9B}.Release|Any CPU.ActiveCfg = Release|Any CPU
		{BAF5D912-7ADA-4BB5-B558-7A551A5CFD9B}.Release|Any CPU.Build.0 = Release|Any CPU
		{BAF5D912-7ADA-4BB5-B558-7A551A5CFD9B}.Release|ARM.ActiveCfg = Release|Any CPU
		{BAF5D912-7ADA-4BB5-B558-7A551A5CFD9B}.Release|ARM.Build.0 = Release|Any CPU
		{BAF5D912-7ADA-4BB5-B558-7A551A5CFD9B}.Release|iPhone.ActiveCfg = Release|Any CPU
		{BAF5D912-7ADA-4BB5-B558-7A551A5CFD9B}.Release|iPhone.Build.0 = Release|Any CPU
		{BAF5D912-7ADA-4BB5-B558-7A551A5CFD9B}.Release|iPhoneSimulator.ActiveCfg = Release|Any CPU
		{BAF5D912-7ADA-4BB5-B558-7A551A5CFD9B}.Release|iPhoneSimulator.Build.0 = Release|Any CPU
		{BAF5D912-7ADA-4BB5-B558-7A551A5CFD9B}.Release|x64.ActiveCfg = Release|Any CPU
		{BAF5D912-7ADA-4BB5-B558-7A551A5CFD9B}.Release|x64.Build.0 = Release|Any CPU
		{BAF5D912-7ADA-4BB5-B558-7A551A5CFD9B}.Release|x86.ActiveCfg = Release|Any CPU
		{BAF5D912-7ADA-4BB5-B558-7A551A5CFD9B}.Release|x86.Build.0 = Release|Any CPU
		{B7E76CFF-CDA7-49CA-9A1C-23720F684766}.Debug|Any CPU.ActiveCfg = Debug|Any CPU
		{B7E76CFF-CDA7-49CA-9A1C-23720F684766}.Debug|Any CPU.Build.0 = Debug|Any CPU
		{B7E76CFF-CDA7-49CA-9A1C-23720F684766}.Debug|ARM.ActiveCfg = Debug|Any CPU
		{B7E76CFF-CDA7-49CA-9A1C-23720F684766}.Debug|ARM.Build.0 = Debug|Any CPU
		{B7E76CFF-CDA7-49CA-9A1C-23720F684766}.Debug|iPhone.ActiveCfg = Debug|Any CPU
		{B7E76CFF-CDA7-49CA-9A1C-23720F684766}.Debug|iPhone.Build.0 = Debug|Any CPU
		{B7E76CFF-CDA7-49CA-9A1C-23720F684766}.Debug|iPhoneSimulator.ActiveCfg = Debug|Any CPU
		{B7E76CFF-CDA7-49CA-9A1C-23720F684766}.Debug|iPhoneSimulator.Build.0 = Debug|Any CPU
		{B7E76CFF-CDA7-49CA-9A1C-23720F684766}.Debug|x64.ActiveCfg = Debug|Any CPU
		{B7E76CFF-CDA7-49CA-9A1C-23720F684766}.Debug|x64.Build.0 = Debug|Any CPU
		{B7E76CFF-CDA7-49CA-9A1C-23720F684766}.Debug|x86.ActiveCfg = Debug|Any CPU
		{B7E76CFF-CDA7-49CA-9A1C-23720F684766}.Debug|x86.Build.0 = Debug|Any CPU
		{B7E76CFF-CDA7-49CA-9A1C-23720F684766}.Release|Any CPU.ActiveCfg = Release|Any CPU
		{B7E76CFF-CDA7-49CA-9A1C-23720F684766}.Release|Any CPU.Build.0 = Release|Any CPU
		{B7E76CFF-CDA7-49CA-9A1C-23720F684766}.Release|ARM.ActiveCfg = Release|Any CPU
		{B7E76CFF-CDA7-49CA-9A1C-23720F684766}.Release|ARM.Build.0 = Release|Any CPU
		{B7E76CFF-CDA7-49CA-9A1C-23720F684766}.Release|iPhone.ActiveCfg = Release|Any CPU
		{B7E76CFF-CDA7-49CA-9A1C-23720F684766}.Release|iPhone.Build.0 = Release|Any CPU
		{B7E76CFF-CDA7-49CA-9A1C-23720F684766}.Release|iPhoneSimulator.ActiveCfg = Release|Any CPU
		{B7E76CFF-CDA7-49CA-9A1C-23720F684766}.Release|iPhoneSimulator.Build.0 = Release|Any CPU
		{B7E76CFF-CDA7-49CA-9A1C-23720F684766}.Release|x64.ActiveCfg = Release|Any CPU
		{B7E76CFF-CDA7-49CA-9A1C-23720F684766}.Release|x64.Build.0 = Release|Any CPU
		{B7E76CFF-CDA7-49CA-9A1C-23720F684766}.Release|x86.ActiveCfg = Release|Any CPU
		{B7E76CFF-CDA7-49CA-9A1C-23720F684766}.Release|x86.Build.0 = Release|Any CPU
		{F161E5E8-ABC4-421A-ACF0-2A5E139F27FC}.Debug|Any CPU.ActiveCfg = Debug|Any CPU
		{F161E5E8-ABC4-421A-ACF0-2A5E139F27FC}.Debug|Any CPU.Build.0 = Debug|Any CPU
		{F161E5E8-ABC4-421A-ACF0-2A5E139F27FC}.Debug|ARM.ActiveCfg = Debug|Any CPU
		{F161E5E8-ABC4-421A-ACF0-2A5E139F27FC}.Debug|ARM.Build.0 = Debug|Any CPU
		{F161E5E8-ABC4-421A-ACF0-2A5E139F27FC}.Debug|iPhone.ActiveCfg = Debug|Any CPU
		{F161E5E8-ABC4-421A-ACF0-2A5E139F27FC}.Debug|iPhone.Build.0 = Debug|Any CPU
		{F161E5E8-ABC4-421A-ACF0-2A5E139F27FC}.Debug|iPhoneSimulator.ActiveCfg = Debug|Any CPU
		{F161E5E8-ABC4-421A-ACF0-2A5E139F27FC}.Debug|iPhoneSimulator.Build.0 = Debug|Any CPU
		{F161E5E8-ABC4-421A-ACF0-2A5E139F27FC}.Debug|x64.ActiveCfg = Debug|Any CPU
		{F161E5E8-ABC4-421A-ACF0-2A5E139F27FC}.Debug|x64.Build.0 = Debug|Any CPU
		{F161E5E8-ABC4-421A-ACF0-2A5E139F27FC}.Debug|x86.ActiveCfg = Debug|Any CPU
		{F161E5E8-ABC4-421A-ACF0-2A5E139F27FC}.Debug|x86.Build.0 = Debug|Any CPU
		{F161E5E8-ABC4-421A-ACF0-2A5E139F27FC}.Release|Any CPU.ActiveCfg = Release|Any CPU
		{F161E5E8-ABC4-421A-ACF0-2A5E139F27FC}.Release|Any CPU.Build.0 = Release|Any CPU
		{F161E5E8-ABC4-421A-ACF0-2A5E139F27FC}.Release|ARM.ActiveCfg = Release|Any CPU
		{F161E5E8-ABC4-421A-ACF0-2A5E139F27FC}.Release|ARM.Build.0 = Release|Any CPU
		{F161E5E8-ABC4-421A-ACF0-2A5E139F27FC}.Release|iPhone.ActiveCfg = Release|Any CPU
		{F161E5E8-ABC4-421A-ACF0-2A5E139F27FC}.Release|iPhone.Build.0 = Release|Any CPU
		{F161E5E8-ABC4-421A-ACF0-2A5E139F27FC}.Release|iPhoneSimulator.ActiveCfg = Release|Any CPU
		{F161E5E8-ABC4-421A-ACF0-2A5E139F27FC}.Release|iPhoneSimulator.Build.0 = Release|Any CPU
		{F161E5E8-ABC4-421A-ACF0-2A5E139F27FC}.Release|x64.ActiveCfg = Release|Any CPU
		{F161E5E8-ABC4-421A-ACF0-2A5E139F27FC}.Release|x64.Build.0 = Release|Any CPU
		{F161E5E8-ABC4-421A-ACF0-2A5E139F27FC}.Release|x86.ActiveCfg = Release|Any CPU
		{F161E5E8-ABC4-421A-ACF0-2A5E139F27FC}.Release|x86.Build.0 = Release|Any CPU
		{EDA05063-8939-4919-8AD8-4A489A26806F}.Debug|Any CPU.ActiveCfg = Debug|Any CPU
		{EDA05063-8939-4919-8AD8-4A489A26806F}.Debug|Any CPU.Build.0 = Debug|Any CPU
		{EDA05063-8939-4919-8AD8-4A489A26806F}.Debug|ARM.ActiveCfg = Debug|Any CPU
		{EDA05063-8939-4919-8AD8-4A489A26806F}.Debug|ARM.Build.0 = Debug|Any CPU
		{EDA05063-8939-4919-8AD8-4A489A26806F}.Debug|iPhone.ActiveCfg = Debug|Any CPU
		{EDA05063-8939-4919-8AD8-4A489A26806F}.Debug|iPhone.Build.0 = Debug|Any CPU
		{EDA05063-8939-4919-8AD8-4A489A26806F}.Debug|iPhoneSimulator.ActiveCfg = Debug|Any CPU
		{EDA05063-8939-4919-8AD8-4A489A26806F}.Debug|iPhoneSimulator.Build.0 = Debug|Any CPU
		{EDA05063-8939-4919-8AD8-4A489A26806F}.Debug|x64.ActiveCfg = Debug|Any CPU
		{EDA05063-8939-4919-8AD8-4A489A26806F}.Debug|x64.Build.0 = Debug|Any CPU
		{EDA05063-8939-4919-8AD8-4A489A26806F}.Debug|x86.ActiveCfg = Debug|Any CPU
		{EDA05063-8939-4919-8AD8-4A489A26806F}.Debug|x86.Build.0 = Debug|Any CPU
		{EDA05063-8939-4919-8AD8-4A489A26806F}.Release|Any CPU.ActiveCfg = Release|Any CPU
		{EDA05063-8939-4919-8AD8-4A489A26806F}.Release|Any CPU.Build.0 = Release|Any CPU
		{EDA05063-8939-4919-8AD8-4A489A26806F}.Release|ARM.ActiveCfg = Release|Any CPU
		{EDA05063-8939-4919-8AD8-4A489A26806F}.Release|ARM.Build.0 = Release|Any CPU
		{EDA05063-8939-4919-8AD8-4A489A26806F}.Release|iPhone.ActiveCfg = Release|Any CPU
		{EDA05063-8939-4919-8AD8-4A489A26806F}.Release|iPhone.Build.0 = Release|Any CPU
		{EDA05063-8939-4919-8AD8-4A489A26806F}.Release|iPhoneSimulator.ActiveCfg = Release|Any CPU
		{EDA05063-8939-4919-8AD8-4A489A26806F}.Release|iPhoneSimulator.Build.0 = Release|Any CPU
		{EDA05063-8939-4919-8AD8-4A489A26806F}.Release|x64.ActiveCfg = Release|Any CPU
		{EDA05063-8939-4919-8AD8-4A489A26806F}.Release|x64.Build.0 = Release|Any CPU
		{EDA05063-8939-4919-8AD8-4A489A26806F}.Release|x86.ActiveCfg = Release|Any CPU
		{EDA05063-8939-4919-8AD8-4A489A26806F}.Release|x86.Build.0 = Release|Any CPU
		{48CBB83F-2CF2-42A8-904C-063D94ED5540}.Debug|Any CPU.ActiveCfg = Debug|x86
		{48CBB83F-2CF2-42A8-904C-063D94ED5540}.Debug|ARM.ActiveCfg = Debug|ARM
		{48CBB83F-2CF2-42A8-904C-063D94ED5540}.Debug|ARM.Build.0 = Debug|ARM
		{48CBB83F-2CF2-42A8-904C-063D94ED5540}.Debug|ARM.Deploy.0 = Debug|ARM
		{48CBB83F-2CF2-42A8-904C-063D94ED5540}.Debug|iPhone.ActiveCfg = Debug|x86
		{48CBB83F-2CF2-42A8-904C-063D94ED5540}.Debug|iPhoneSimulator.ActiveCfg = Debug|x86
		{48CBB83F-2CF2-42A8-904C-063D94ED5540}.Debug|x64.ActiveCfg = Debug|x64
		{48CBB83F-2CF2-42A8-904C-063D94ED5540}.Debug|x64.Build.0 = Debug|x64
		{48CBB83F-2CF2-42A8-904C-063D94ED5540}.Debug|x64.Deploy.0 = Debug|x64
		{48CBB83F-2CF2-42A8-904C-063D94ED5540}.Debug|x86.ActiveCfg = Debug|x86
		{48CBB83F-2CF2-42A8-904C-063D94ED5540}.Debug|x86.Build.0 = Debug|x86
		{48CBB83F-2CF2-42A8-904C-063D94ED5540}.Debug|x86.Deploy.0 = Debug|x86
		{48CBB83F-2CF2-42A8-904C-063D94ED5540}.Release|Any CPU.ActiveCfg = Release|x86
		{48CBB83F-2CF2-42A8-904C-063D94ED5540}.Release|ARM.ActiveCfg = Release|ARM
		{48CBB83F-2CF2-42A8-904C-063D94ED5540}.Release|ARM.Build.0 = Release|ARM
		{48CBB83F-2CF2-42A8-904C-063D94ED5540}.Release|ARM.Deploy.0 = Release|ARM
		{48CBB83F-2CF2-42A8-904C-063D94ED5540}.Release|iPhone.ActiveCfg = Release|x86
		{48CBB83F-2CF2-42A8-904C-063D94ED5540}.Release|iPhoneSimulator.ActiveCfg = Release|x86
		{48CBB83F-2CF2-42A8-904C-063D94ED5540}.Release|x64.ActiveCfg = Release|x64
		{48CBB83F-2CF2-42A8-904C-063D94ED5540}.Release|x64.Build.0 = Release|x64
		{48CBB83F-2CF2-42A8-904C-063D94ED5540}.Release|x64.Deploy.0 = Release|x64
		{48CBB83F-2CF2-42A8-904C-063D94ED5540}.Release|x86.ActiveCfg = Release|x86
		{48CBB83F-2CF2-42A8-904C-063D94ED5540}.Release|x86.Build.0 = Release|x86
		{48CBB83F-2CF2-42A8-904C-063D94ED5540}.Release|x86.Deploy.0 = Release|x86
		{3F2ECA79-1E5D-4DBB-99EB-B1A82BDE69F5}.Debug|Any CPU.ActiveCfg = Debug|Any CPU
		{3F2ECA79-1E5D-4DBB-99EB-B1A82BDE69F5}.Debug|Any CPU.Build.0 = Debug|Any CPU
		{3F2ECA79-1E5D-4DBB-99EB-B1A82BDE69F5}.Debug|ARM.ActiveCfg = Debug|ARM
		{3F2ECA79-1E5D-4DBB-99EB-B1A82BDE69F5}.Debug|ARM.Build.0 = Debug|ARM
		{3F2ECA79-1E5D-4DBB-99EB-B1A82BDE69F5}.Debug|iPhone.ActiveCfg = Debug|Any CPU
		{3F2ECA79-1E5D-4DBB-99EB-B1A82BDE69F5}.Debug|iPhone.Build.0 = Debug|Any CPU
		{3F2ECA79-1E5D-4DBB-99EB-B1A82BDE69F5}.Debug|iPhoneSimulator.ActiveCfg = Debug|Any CPU
		{3F2ECA79-1E5D-4DBB-99EB-B1A82BDE69F5}.Debug|iPhoneSimulator.Build.0 = Debug|Any CPU
		{3F2ECA79-1E5D-4DBB-99EB-B1A82BDE69F5}.Debug|x64.ActiveCfg = Debug|x64
		{3F2ECA79-1E5D-4DBB-99EB-B1A82BDE69F5}.Debug|x64.Build.0 = Debug|x64
		{3F2ECA79-1E5D-4DBB-99EB-B1A82BDE69F5}.Debug|x86.ActiveCfg = Debug|x86
		{3F2ECA79-1E5D-4DBB-99EB-B1A82BDE69F5}.Debug|x86.Build.0 = Debug|x86
		{3F2ECA79-1E5D-4DBB-99EB-B1A82BDE69F5}.Release|Any CPU.ActiveCfg = Release|Any CPU
		{3F2ECA79-1E5D-4DBB-99EB-B1A82BDE69F5}.Release|Any CPU.Build.0 = Release|Any CPU
		{3F2ECA79-1E5D-4DBB-99EB-B1A82BDE69F5}.Release|ARM.ActiveCfg = Release|ARM
		{3F2ECA79-1E5D-4DBB-99EB-B1A82BDE69F5}.Release|ARM.Build.0 = Release|ARM
		{3F2ECA79-1E5D-4DBB-99EB-B1A82BDE69F5}.Release|iPhone.ActiveCfg = Release|Any CPU
		{3F2ECA79-1E5D-4DBB-99EB-B1A82BDE69F5}.Release|iPhone.Build.0 = Release|Any CPU
		{3F2ECA79-1E5D-4DBB-99EB-B1A82BDE69F5}.Release|iPhoneSimulator.ActiveCfg = Release|Any CPU
		{3F2ECA79-1E5D-4DBB-99EB-B1A82BDE69F5}.Release|iPhoneSimulator.Build.0 = Release|Any CPU
		{3F2ECA79-1E5D-4DBB-99EB-B1A82BDE69F5}.Release|x64.ActiveCfg = Release|x64
		{3F2ECA79-1E5D-4DBB-99EB-B1A82BDE69F5}.Release|x64.Build.0 = Release|x64
		{3F2ECA79-1E5D-4DBB-99EB-B1A82BDE69F5}.Release|x86.ActiveCfg = Release|x86
		{3F2ECA79-1E5D-4DBB-99EB-B1A82BDE69F5}.Release|x86.Build.0 = Release|x86
	EndGlobalSection
	GlobalSection(SolutionProperties) = preSolution
		HideSolutionNode = FALSE
	EndGlobalSection
	GlobalSection(NestedProjects) = preSolution
		{71121A18-BB1D-479E-B172-B51556239A66} = {F5D071A5-9645-4E27-856F-7A7B9F57753A}
		{FB9DB656-937B-4E40-9BF5-CFB0EFF06FB2} = {71121A18-BB1D-479E-B172-B51556239A66}
		{FF40A193-5EF8-409C-BC6A-4E8382173BA7} = {71121A18-BB1D-479E-B172-B51556239A66}
		{BAF5D912-7ADA-4BB5-B558-7A551A5CFD9B} = {71121A18-BB1D-479E-B172-B51556239A66}
		{EE31CDBA-1385-4D05-8FC7-F87CF5804D5E} = {F5D071A5-9645-4E27-856F-7A7B9F57753A}
		{B7E76CFF-CDA7-49CA-9A1C-23720F684766} = {EE31CDBA-1385-4D05-8FC7-F87CF5804D5E}
		{F161E5E8-ABC4-421A-ACF0-2A5E139F27FC} = {EE31CDBA-1385-4D05-8FC7-F87CF5804D5E}
		{EDA05063-8939-4919-8AD8-4A489A26806F} = {EE31CDBA-1385-4D05-8FC7-F87CF5804D5E}
		{3F2ECA79-1E5D-4DBB-99EB-B1A82BDE69F5} = {71121A18-BB1D-479E-B172-B51556239A66}
	EndGlobalSection
EndGlobal
