
Microsoft Visual Studio Solution File, Format Version 12.00
# Visual Studio 2012
Project("{FAE04EC0-301F-11D3-BF4B-00C04F79EFBC}") = "MvvmCross.Plugins.Droid", "Droid\MvvmCross.Plugins.Droid.csproj", "{229FDACD-229F-4BD7-A761-14911BCB9A73}"
EndProject
Project("{FAE04EC0-301F-11D3-BF4B-00C04F79EFBC}") = "MvvmCross.Plugins.iOS", "iOS\MvvmCross.Plugins.iOS.csproj", "{BDDD7858-8BC1-4E33-8217-9662B637F776}"
EndProject
Project("{FAE04EC0-301F-11D3-BF4B-00C04F79EFBC}") = "MvvmCross.Plugins", "MvvmCross.Plugins\MvvmCross.Plugins.csproj", "{8A88927E-0C33-4CF5-8CDE-BC16387B7701}"
EndProject
Project("{FAE04EC0-301F-11D3-BF4B-00C04F79EFBC}") = "MvvmCross.Plugins.UITests", "UITests\MvvmCross.Plugins.UITests.csproj", "{A55927F0-745F-4F4A-B867-AD92021690FE}"
EndProject
Project("{FAE04EC0-301F-11D3-BF4B-00C04F79EFBC}") = "MvvmCross.Plugins.Mac", "MvvmCross.Plugins.Mac\MvvmCross.Plugins.Mac.csproj", "{C21536E1-34D4-49BC-A8D1-D2CE3AF96FD5}"
EndProject
Project("{2150E333-8FDC-42A3-9474-1A3956D46DE8}") = "Plugins", "Plugins", "{F5D071A5-9645-4E27-856F-7A7B9F57753A}"
EndProject
Project("{FAE04EC0-301F-11D3-BF4B-00C04F79EFBC}") = "g0rdan.MvvmCross.Plugin.SimpleEmail", "..\..\source\Core\g0rdan.MvvmCross.Plugin.SimpleEmail\g0rdan.MvvmCross.Plugin.SimpleEmail.csproj", "{B7E76CFF-CDA7-49CA-9A1C-23720F684766}"
EndProject
Project("{FAE04EC0-301F-11D3-BF4B-00C04F79EFBC}") = "g0rdan.MvvmCross.Plugin.SimpleEmail.Droid", "..\..\source\Droid\g0rdan.MvvmCross.Plugin.SimpleEmail.Droid\g0rdan.MvvmCross.Plugin.SimpleEmail.Droid.csproj", "{F161E5E8-ABC4-421A-ACF0-2A5E139F27FC}"
EndProject
Global
	GlobalSection(SolutionConfigurationPlatforms) = preSolution
		Debug|Any CPU = Debug|Any CPU
		Release|Any CPU = Release|Any CPU
		Debug|iPhoneSimulator = Debug|iPhoneSimulator
		Release|iPhone = Release|iPhone
		Release|iPhoneSimulator = Release|iPhoneSimulator
		Debug|iPhone = Debug|iPhone
	EndGlobalSection
	GlobalSection(ProjectConfigurationPlatforms) = postSolution
		{229FDACD-229F-4BD7-A761-14911BCB9A73}.Debug|Any CPU.ActiveCfg = Debug|Any CPU
		{229FDACD-229F-4BD7-A761-14911BCB9A73}.Debug|Any CPU.Build.0 = Debug|Any CPU
		{229FDACD-229F-4BD7-A761-14911BCB9A73}.Debug|iPhone.ActiveCfg = Debug|Any CPU
		{229FDACD-229F-4BD7-A761-14911BCB9A73}.Debug|iPhone.Build.0 = Debug|Any CPU
		{229FDACD-229F-4BD7-A761-14911BCB9A73}.Debug|iPhoneSimulator.ActiveCfg = Debug|Any CPU
		{229FDACD-229F-4BD7-A761-14911BCB9A73}.Debug|iPhoneSimulator.Build.0 = Debug|Any CPU
		{229FDACD-229F-4BD7-A761-14911BCB9A73}.Release|Any CPU.ActiveCfg = Release|Any CPU
		{229FDACD-229F-4BD7-A761-14911BCB9A73}.Release|Any CPU.Build.0 = Release|Any CPU
		{229FDACD-229F-4BD7-A761-14911BCB9A73}.Release|iPhone.ActiveCfg = Release|Any CPU
		{229FDACD-229F-4BD7-A761-14911BCB9A73}.Release|iPhone.Build.0 = Release|Any CPU
		{229FDACD-229F-4BD7-A761-14911BCB9A73}.Release|iPhoneSimulator.ActiveCfg = Release|Any CPU
		{229FDACD-229F-4BD7-A761-14911BCB9A73}.Release|iPhoneSimulator.Build.0 = Release|Any CPU
		{8A88927E-0C33-4CF5-8CDE-BC16387B7701}.Debug|Any CPU.ActiveCfg = Debug|Any CPU
		{8A88927E-0C33-4CF5-8CDE-BC16387B7701}.Debug|Any CPU.Build.0 = Debug|Any CPU
		{8A88927E-0C33-4CF5-8CDE-BC16387B7701}.Debug|iPhone.ActiveCfg = Debug|Any CPU
		{8A88927E-0C33-4CF5-8CDE-BC16387B7701}.Debug|iPhone.Build.0 = Debug|Any CPU
		{8A88927E-0C33-4CF5-8CDE-BC16387B7701}.Debug|iPhoneSimulator.ActiveCfg = Debug|Any CPU
		{8A88927E-0C33-4CF5-8CDE-BC16387B7701}.Debug|iPhoneSimulator.Build.0 = Debug|Any CPU
		{8A88927E-0C33-4CF5-8CDE-BC16387B7701}.Release|Any CPU.ActiveCfg = Release|Any CPU
		{8A88927E-0C33-4CF5-8CDE-BC16387B7701}.Release|Any CPU.Build.0 = Release|Any CPU
		{8A88927E-0C33-4CF5-8CDE-BC16387B7701}.Release|iPhone.ActiveCfg = Release|Any CPU
		{8A88927E-0C33-4CF5-8CDE-BC16387B7701}.Release|iPhone.Build.0 = Release|Any CPU
		{8A88927E-0C33-4CF5-8CDE-BC16387B7701}.Release|iPhoneSimulator.ActiveCfg = Release|Any CPU
		{8A88927E-0C33-4CF5-8CDE-BC16387B7701}.Release|iPhoneSimulator.Build.0 = Release|Any CPU
		{A55927F0-745F-4F4A-B867-AD92021690FE}.Debug|Any CPU.ActiveCfg = Debug|Any CPU
		{A55927F0-745F-4F4A-B867-AD92021690FE}.Debug|Any CPU.Build.0 = Debug|Any CPU
		{A55927F0-745F-4F4A-B867-AD92021690FE}.Debug|iPhone.ActiveCfg = Debug|Any CPU
		{A55927F0-745F-4F4A-B867-AD92021690FE}.Debug|iPhone.Build.0 = Debug|Any CPU
		{A55927F0-745F-4F4A-B867-AD92021690FE}.Debug|iPhoneSimulator.ActiveCfg = Debug|Any CPU
		{A55927F0-745F-4F4A-B867-AD92021690FE}.Debug|iPhoneSimulator.Build.0 = Debug|Any CPU
		{A55927F0-745F-4F4A-B867-AD92021690FE}.Release|Any CPU.ActiveCfg = Release|Any CPU
		{A55927F0-745F-4F4A-B867-AD92021690FE}.Release|Any CPU.Build.0 = Release|Any CPU
		{A55927F0-745F-4F4A-B867-AD92021690FE}.Release|iPhone.ActiveCfg = Release|Any CPU
		{A55927F0-745F-4F4A-B867-AD92021690FE}.Release|iPhone.Build.0 = Release|Any CPU
		{A55927F0-745F-4F4A-B867-AD92021690FE}.Release|iPhoneSimulator.ActiveCfg = Release|Any CPU
		{A55927F0-745F-4F4A-B867-AD92021690FE}.Release|iPhoneSimulator.Build.0 = Release|Any CPU
		{B7E76CFF-CDA7-49CA-9A1C-23720F684766}.Debug|Any CPU.ActiveCfg = Debug|Any CPU
		{B7E76CFF-CDA7-49CA-9A1C-23720F684766}.Debug|Any CPU.Build.0 = Debug|Any CPU
		{B7E76CFF-CDA7-49CA-9A1C-23720F684766}.Debug|iPhone.ActiveCfg = Debug|Any CPU
		{B7E76CFF-CDA7-49CA-9A1C-23720F684766}.Debug|iPhone.Build.0 = Debug|Any CPU
		{B7E76CFF-CDA7-49CA-9A1C-23720F684766}.Debug|iPhoneSimulator.ActiveCfg = Debug|Any CPU
		{B7E76CFF-CDA7-49CA-9A1C-23720F684766}.Debug|iPhoneSimulator.Build.0 = Debug|Any CPU
		{B7E76CFF-CDA7-49CA-9A1C-23720F684766}.Release|Any CPU.ActiveCfg = Release|Any CPU
		{B7E76CFF-CDA7-49CA-9A1C-23720F684766}.Release|Any CPU.Build.0 = Release|Any CPU
		{B7E76CFF-CDA7-49CA-9A1C-23720F684766}.Release|iPhone.ActiveCfg = Release|Any CPU
		{B7E76CFF-CDA7-49CA-9A1C-23720F684766}.Release|iPhone.Build.0 = Release|Any CPU
		{B7E76CFF-CDA7-49CA-9A1C-23720F684766}.Release|iPhoneSimulator.ActiveCfg = Release|Any CPU
		{B7E76CFF-CDA7-49CA-9A1C-23720F684766}.Release|iPhoneSimulator.Build.0 = Release|Any CPU
		{BDDD7858-8BC1-4E33-8217-9662B637F776}.Debug|Any CPU.ActiveCfg = Debug|iPhoneSimulator
		{BDDD7858-8BC1-4E33-8217-9662B637F776}.Debug|Any CPU.Build.0 = Debug|iPhoneSimulator
		{BDDD7858-8BC1-4E33-8217-9662B637F776}.Debug|iPhone.ActiveCfg = Debug|iPhone
		{BDDD7858-8BC1-4E33-8217-9662B637F776}.Debug|iPhone.Build.0 = Debug|iPhone
		{BDDD7858-8BC1-4E33-8217-9662B637F776}.Debug|iPhoneSimulator.ActiveCfg = Debug|iPhoneSimulator
		{BDDD7858-8BC1-4E33-8217-9662B637F776}.Debug|iPhoneSimulator.Build.0 = Debug|iPhoneSimulator
		{BDDD7858-8BC1-4E33-8217-9662B637F776}.Release|Any CPU.ActiveCfg = Release|iPhone
		{BDDD7858-8BC1-4E33-8217-9662B637F776}.Release|Any CPU.Build.0 = Release|iPhone
		{BDDD7858-8BC1-4E33-8217-9662B637F776}.Release|iPhone.ActiveCfg = Release|iPhone
		{BDDD7858-8BC1-4E33-8217-9662B637F776}.Release|iPhone.Build.0 = Release|iPhone
		{BDDD7858-8BC1-4E33-8217-9662B637F776}.Release|iPhoneSimulator.ActiveCfg = Release|iPhoneSimulator
		{BDDD7858-8BC1-4E33-8217-9662B637F776}.Release|iPhoneSimulator.Build.0 = Release|iPhoneSimulator
		{C21536E1-34D4-49BC-A8D1-D2CE3AF96FD5}.Debug|Any CPU.ActiveCfg = Debug|Any CPU
		{C21536E1-34D4-49BC-A8D1-D2CE3AF96FD5}.Debug|Any CPU.Build.0 = Debug|Any CPU
		{C21536E1-34D4-49BC-A8D1-D2CE3AF96FD5}.Debug|iPhone.ActiveCfg = Debug|Any CPU
		{C21536E1-34D4-49BC-A8D1-D2CE3AF96FD5}.Debug|iPhone.Build.0 = Debug|Any CPU
		{C21536E1-34D4-49BC-A8D1-D2CE3AF96FD5}.Debug|iPhoneSimulator.ActiveCfg = Debug|Any CPU
		{C21536E1-34D4-49BC-A8D1-D2CE3AF96FD5}.Debug|iPhoneSimulator.Build.0 = Debug|Any CPU
		{C21536E1-34D4-49BC-A8D1-D2CE3AF96FD5}.Release|Any CPU.ActiveCfg = Release|Any CPU
		{C21536E1-34D4-49BC-A8D1-D2CE3AF96FD5}.Release|Any CPU.Build.0 = Release|Any CPU
		{C21536E1-34D4-49BC-A8D1-D2CE3AF96FD5}.Release|iPhone.ActiveCfg = Release|Any CPU
		{C21536E1-34D4-49BC-A8D1-D2CE3AF96FD5}.Release|iPhone.Build.0 = Release|Any CPU
		{C21536E1-34D4-49BC-A8D1-D2CE3AF96FD5}.Release|iPhoneSimulator.ActiveCfg = Release|Any CPU
		{C21536E1-34D4-49BC-A8D1-D2CE3AF96FD5}.Release|iPhoneSimulator.Build.0 = Release|Any CPU
		{F161E5E8-ABC4-421A-ACF0-2A5E139F27FC}.Debug|Any CPU.ActiveCfg = Debug|Any CPU
		{F161E5E8-ABC4-421A-ACF0-2A5E139F27FC}.Debug|Any CPU.Build.0 = Debug|Any CPU
		{F161E5E8-ABC4-421A-ACF0-2A5E139F27FC}.Debug|iPhone.ActiveCfg = Debug|Any CPU
		{F161E5E8-ABC4-421A-ACF0-2A5E139F27FC}.Debug|iPhone.Build.0 = Debug|Any CPU
		{F161E5E8-ABC4-421A-ACF0-2A5E139F27FC}.Debug|iPhoneSimulator.ActiveCfg = Debug|Any CPU
		{F161E5E8-ABC4-421A-ACF0-2A5E139F27FC}.Debug|iPhoneSimulator.Build.0 = Debug|Any CPU
		{F161E5E8-ABC4-421A-ACF0-2A5E139F27FC}.Release|Any CPU.ActiveCfg = Release|Any CPU
		{F161E5E8-ABC4-421A-ACF0-2A5E139F27FC}.Release|Any CPU.Build.0 = Release|Any CPU
		{F161E5E8-ABC4-421A-ACF0-2A5E139F27FC}.Release|iPhone.ActiveCfg = Release|Any CPU
		{F161E5E8-ABC4-421A-ACF0-2A5E139F27FC}.Release|iPhone.Build.0 = Release|Any CPU
		{F161E5E8-ABC4-421A-ACF0-2A5E139F27FC}.Release|iPhoneSimulator.ActiveCfg = Release|Any CPU
		{F161E5E8-ABC4-421A-ACF0-2A5E139F27FC}.Release|iPhoneSimulator.Build.0 = Release|Any CPU
	EndGlobalSection
	GlobalSection(NestedProjects) = preSolution
		{B7E76CFF-CDA7-49CA-9A1C-23720F684766} = {F5D071A5-9645-4E27-856F-7A7B9F57753A}
		{F161E5E8-ABC4-421A-ACF0-2A5E139F27FC} = {F5D071A5-9645-4E27-856F-7A7B9F57753A}
	EndGlobalSection
EndGlobal
